
Microsoft Visual Studio Solution File, Format Version 12.00
# Visual Studio 2013
VisualStudioVersion = 12.0.21005.1
MinimumVisualStudioVersion = 10.0.40219.1
Project("{FAE04EC0-301F-11D3-BF4B-00C04F79EFBC}") = "TransitiveDependenciesKata", "TransitiveDependenciesKata\TransitiveDependenciesKata.csproj", "{2A63D39C-5F1D-4F81-9AA4-D2A404BA560D}"
EndProject
Project("{FAE04EC0-301F-11D3-BF4B-00C04F79EFBC}") = "TransitiveDependenciesKata.Test", "TransitiveDependenciesKata.Test\TransitiveDependenciesKata.Test.csproj", "{AF66C4C9-650A-431E-925C-91C3985B64EA}"
EndProject
Global
	GlobalSection(SolutionConfigurationPlatforms) = preSolution
		Debug|Any CPU = Debug|Any CPU
		Release|Any CPU = Release|Any CPU
	EndGlobalSection
	GlobalSection(ProjectConfigurationPlatforms) = postSolution
		{2A63D39C-5F1D-4F81-9AA4-D2A404BA560D}.Debug|Any CPU.ActiveCfg = Debug|Any CPU
		{2A63D39C-5F1D-4F81-9AA4-D2A404BA560D}.Debug|Any CPU.Build.0 = Debug|Any CPU
		{2A63D39C-5F1D-4F81-9AA4-D2A404BA560D}.Release|Any CPU.ActiveCfg = Release|Any CPU
		{2A63D39C-5F1D-4F81-9AA4-D2A404BA560D}.Release|Any CPU.Build.0 = Release|Any CPU
		{AF66C4C9-650A-431E-925C-91C3985B64EA}.Debug|Any CPU.ActiveCfg = Debug|Any CPU
		{AF66C4C9-650A-431E-925C-91C3985B64EA}.Debug|Any CPU.Build.0 = Debug|Any CPU
		{AF66C4C9-650A-431E-925C-91C3985B64EA}.Release|Any CPU.ActiveCfg = Release|Any CPU
		{AF66C4C9-650A-431E-925C-91C3985B64EA}.Release|Any CPU.Build.0 = Release|Any CPU
	EndGlobalSection
	GlobalSection(SolutionProperties) = preSolution
		HideSolutionNode = FALSE
	EndGlobalSection
EndGlobal
